
Microsoft Visual Studio Solution File, Format Version 12.00
# Visual Studio 15
VisualStudioVersion = 15.0.28307.106
MinimumVisualStudioVersion = 10.0.40219.1
Project("{FAE04EC0-301F-11D3-BF4B-00C04F79EFBC}") = "FilmLibrary", "FilmLibrary\FilmLibrary.csproj", "{B3BEBFF8-DBB1-4737-B57B-6171816F84E5}"
EndProject
Global
	GlobalSection(SolutionConfigurationPlatforms) = preSolution
		Debug|Any CPU = Debug|Any CPU
		Release|Any CPU = Release|Any CPU
	EndGlobalSection
	GlobalSection(ProjectConfigurationPlatforms) = postSolution
		{B3BEBFF8-DBB1-4737-B57B-6171816F84E5}.Debug|Any CPU.ActiveCfg = Debug|Any CPU
		{B3BEBFF8-DBB1-4737-B57B-6171816F84E5}.Debug|Any CPU.Build.0 = Debug|Any CPU
		{B3BEBFF8-DBB1-4737-B57B-6171816F84E5}.Release|Any CPU.ActiveCfg = Release|Any CPU
		{B3BEBFF8-DBB1-4737-B57B-6171816F84E5}.Release|Any CPU.Build.0 = Release|Any CPU
	EndGlobalSection
	GlobalSection(SolutionProperties) = preSolution
		HideSolutionNode = FALSE
	EndGlobalSection
	GlobalSection(ExtensibilityGlobals) = postSolution
		SolutionGuid = {87AABB75-0D8A-4571-B930-5139825205FF}
	EndGlobalSection
EndGlobal
